
Microsoft Visual Studio Solution File, Format Version 12.00
# Visual Studio Version 16
VisualStudioVersion = 16.0.30517.126
MinimumVisualStudioVersion = 10.0.40219.1
Project("{FAE04EC0-301F-11D3-BF4B-00C04F79EFBC}") = "SkillsTracker", "SkillsTracker\SkillsTracker.csproj", "{48169136-E440-4374-A943-6C0CF48C2B90}"
EndProject
Global
	GlobalSection(SolutionConfigurationPlatforms) = preSolution
		Debug|Any CPU = Debug|Any CPU
		Release|Any CPU = Release|Any CPU
	EndGlobalSection
	GlobalSection(ProjectConfigurationPlatforms) = postSolution
		{48169136-E440-4374-A943-6C0CF48C2B90}.Debug|Any CPU.ActiveCfg = Debug|Any CPU
		{48169136-E440-4374-A943-6C0CF48C2B90}.Debug|Any CPU.Build.0 = Debug|Any CPU
		{48169136-E440-4374-A943-6C0CF48C2B90}.Release|Any CPU.ActiveCfg = Release|Any CPU
		{48169136-E440-4374-A943-6C0CF48C2B90}.Release|Any CPU.Build.0 = Release|Any CPU
	EndGlobalSection
	GlobalSection(SolutionProperties) = preSolution
		HideSolutionNode = FALSE
	EndGlobalSection
	GlobalSection(ExtensibilityGlobals) = postSolution
		SolutionGuid = {3FFBC296-54DD-4755-B340-1294E6EA41A1}
	EndGlobalSection
EndGlobal
